
Microsoft Visual Studio Solution File, Format Version 12.00
# Visual Studio Version 16
VisualStudioVersion = 16.0.29001.49
MinimumVisualStudioVersion = 10.0.40219.1
Project("{FAE04EC0-301F-11D3-BF4B-00C04F79EFBC}") = "JEast", "bin2019\JEast.csproj", "{1EA2B7CA-6439-4A00-AF79-9F8FD79C5BB8}"
EndProject
Global
	GlobalSection(SolutionConfigurationPlatforms) = preSolution
		Debug|Any CPU = Debug|Any CPU
		Release|Any CPU = Release|Any CPU
	EndGlobalSection
	GlobalSection(ProjectConfigurationPlatforms) = postSolution
		{1EA2B7CA-6439-4A00-AF79-9F8FD79C5BB8}.Debug|Any CPU.ActiveCfg = Debug|Any CPU
		{1EA2B7CA-6439-4A00-AF79-9F8FD79C5BB8}.Debug|Any CPU.Build.0 = Debug|Any CPU
		{1EA2B7CA-6439-4A00-AF79-9F8FD79C5BB8}.Release|Any CPU.ActiveCfg = Release|Any CPU
		{1EA2B7CA-6439-4A00-AF79-9F8FD79C5BB8}.Release|Any CPU.Build.0 = Release|Any CPU
	EndGlobalSection
	GlobalSection(SolutionProperties) = preSolution
		HideSolutionNode = FALSE
	EndGlobalSection
	GlobalSection(ExtensibilityGlobals) = postSolution
		SolutionGuid = {794233B0-F2CC-45F6-B8F6-B81A4CC1EBD0}
	EndGlobalSection
EndGlobal
